
Microsoft Visual Studio Solution File, Format Version 12.00
Project("{FAE04EC0-301F-11D3-BF4B-00C04F79EFBC}") = "Ticketing System", "Ticketing System\Ticketing System.csproj", "{F50E51E3-A4D4-4BF4-8BB3-90D93A2977BA}"
EndProject
Global
	GlobalSection(SolutionConfigurationPlatforms) = preSolution
		Debug|Any CPU = Debug|Any CPU
		Release|Any CPU = Release|Any CPU
	EndGlobalSection
	GlobalSection(ProjectConfigurationPlatforms) = postSolution
		{F50E51E3-A4D4-4BF4-8BB3-90D93A2977BA}.Debug|Any CPU.ActiveCfg = Debug|Any CPU
		{F50E51E3-A4D4-4BF4-8BB3-90D93A2977BA}.Debug|Any CPU.Build.0 = Debug|Any CPU
		{F50E51E3-A4D4-4BF4-8BB3-90D93A2977BA}.Release|Any CPU.ActiveCfg = Release|Any CPU
		{F50E51E3-A4D4-4BF4-8BB3-90D93A2977BA}.Release|Any CPU.Build.0 = Release|Any CPU
	EndGlobalSection
EndGlobal
